{
    "_readme": [
        "This file locks the dependencies of your project to a known state",
        "Read more about it at https://getcomposer.org/doc/01-basic-usage.md#installing-dependencies",
        "This file is @generated automatically"
    ],
    "content-hash": "85cbc561b7c575eb52d9b29eaae14dc1",
    "packages": [
        {
            "name": "phpmx/core",
            "version": "dev-main",
            "source": {
                "type": "git",
                "url": "https://github.com/php-mx/phpmx-core.git",
                "reference": "8cdb3dc2008d31b36177a6e11c06a7605624d173"
            },
            "dist": {
                "type": "zip",
                "url": "https://api.github.com/repos/php-mx/phpmx-core/zipball/8cdb3dc2008d31b36177a6e11c06a7605624d173",
                "reference": "8cdb3dc2008d31b36177a6e11c06a7605624d173",
                "shasum": ""
            },
            "require": {
                "ext-fileinfo": "*",
                "ext-mbstring": "*",
                "php": "^8.1"
            },
            "default-branch": true,
            "bin": [
                "mx"
            ],
            "type": "library",
            "autoload": {
                "files": [
                    "system/helper/constant/char_normalizer.php",
                    "system/helper/constant/request_is.php",
                    "system/helper/function/cache.php",
                    "system/helper/function/changes.php",
                    "system/helper/function/dbug.php",
                    "system/helper/function/env.php",
                    "system/helper/function/is.php",
                    "system/helper/function/mx5.php",
                    "system/helper/function/num.php",
                    "system/helper/function/path.php",
                    "system/helper/function/prepare.php",
                    "system/helper/function/remove_accents.php",
                    "system/helper/function/str.php",
                    "system/helper/function/str_to.php",
                    "system/helper/function/uuid.php",
                    "system/helper/script/env.php",
                    "system/helper/script/error.php",
                    "system/helper/script/log.php",
                    "system/helper/script/path.php",
                    "system/helper/script/timezone.php"
                ],
                "psr-4": {
                    "": "class/"
                }
            },
            "notification-url": "https://packagist.org/downloads/",
            "license": [
                "MIT"
            ],
            "authors": [
                {
                    "name": "André Ricardo",
                    "email": "contatoadmx@gmail.com"
                }
            ],
            "description": "Núcleo leve, rastreável e modular para criação de aplicações modernas com PHP, orientado à manutenção e performance.",
            "support": {
                "issues": "https://github.com/php-mx/phpmx-core/issues",
                "source": "https://github.com/php-mx/phpmx-core/tree/main"
            },
            "time": "2025-07-27T14:35:48+00:00"
        },
        {
            "name": "phpmx/datalayer",
            "version": "dev-main",
            "source": {
                "type": "git",
                "url": "https://github.com/php-mx/phpmx-datalayer.git",
                "reference": "b58a6a990bf1c544f1135048f36f3802363f7d8a"
            },
            "dist": {
                "type": "zip",
                "url": "https://api.github.com/repos/php-mx/phpmx-datalayer/zipball/b58a6a990bf1c544f1135048f36f3802363f7d8a",
                "reference": "b58a6a990bf1c544f1135048f36f3802363f7d8a",
                "shasum": ""
            },
            "require": {
                "phpmx/core": "dev-main"
            },
            "suggest": {
                "ext-pdo_mysql": "Required if you intend to use MySQL or MariaDB connections.",
                "ext-pdo_pgsql": "Required if you intend to use PostgreSQL connections.",
                "ext-pdo_sqlite": "Required if you intend to use SQLite connections."
            },
            "default-branch": true,
            "type": "library",
            "autoload": {
                "files": [
                    "system/helper/function/idkey.php",
                    "system/helper/function/is.php",
                    "system/helper/script/path.php"
                ],
                "psr-4": {
                    "": "class/"
                }
            },
            "notification-url": "https://packagist.org/downloads/",
            "license": [
                "MIT"
            ],
            "authors": [
                {
                    "name": "André Ricardo",
                    "email": "contatoadmx@gmail.com"
                }
            ],
            "description": "Camada de persistência e abstração de banco de dados para aplicações PHPMX",
            "support": {
                "issues": "https://github.com/php-mx/phpmx-datalayer/issues",
                "source": "https://github.com/php-mx/phpmx-datalayer/tree/main"
            },
            "time": "2025-07-27T14:39:26+00:00"
        },
        {
            "name": "phpmx/dimage",
            "version": "dev-main",
            "source": {
                "type": "git",
                "url": "https://github.com/php-mx/phpmx-dimage.git",
                "reference": "b6b3db9d644e5ec8581b68a2328765cd1476bcef"
            },
            "dist": {
                "type": "zip",
                "url": "https://api.github.com/repos/php-mx/phpmx-dimage/zipball/b6b3db9d644e5ec8581b68a2328765cd1476bcef",
                "reference": "b6b3db9d644e5ec8581b68a2328765cd1476bcef",
                "shasum": ""
            },
            "require": {
                "ext-exif": "*",
                "ext-gd": "*",
                "phpmx/core": "dev-main"
            },
            "default-branch": true,
            "type": "library",
            "autoload": {
                "files": [
                    "system/helper/script/path.php"
                ],
                "psr-4": {
                    "": "class/"
                }
            },
            "notification-url": "https://packagist.org/downloads/",
            "license": [
                "MIT"
            ],
            "authors": [
                {
                    "name": "André Ricardo",
                    "email": "contatoadmx@gmail.com"
                }
            ],
            "description": "Ferramenta de manipulação de imagens para aplicações PHPMX",
            "support": {
                "issues": "https://github.com/php-mx/phpmx-dimage/issues",
                "source": "https://github.com/php-mx/phpmx-dimage/tree/main"
            },
            "time": "2025-07-25T22:51:01+00:00"
        },
        {
            "name": "phpmx/front",
            "version": "dev-main",
            "source": {
                "type": "git",
                "url": "https://github.com/php-mx/phpmx-front.git",
                "reference": "963a9f7e0663c4add15c60c9197fef76c12e0302"
            },
            "dist": {
                "type": "zip",
                "url": "https://api.github.com/repos/php-mx/phpmx-front/zipball/963a9f7e0663c4add15c60c9197fef76c12e0302",
                "reference": "963a9f7e0663c4add15c60c9197fef76c12e0302",
                "shasum": ""
            },
            "require": {
                "phpmx/core": "dev-main",
                "phpmx/server": "dev-main",
                "phpmx/view": "dev-main"
            },
            "default-branch": true,
            "type": "library",
            "autoload": {
                "files": [
                    "system/helper/constant/request_is.php",
                    "system/helper/function/capsule.php",
                    "system/helper/function/redirect.php",
                    "system/helper/function/url.php",
                    "system/helper/script/env.php",
                    "system/helper/script/path.php",
                    "system/helper/script/view.php"
                ],
                "psr-4": {
                    "": "class/"
                }
            },
            "notification-url": "https://packagist.org/downloads/",
            "license": [
                "MIT"
            ],
            "authors": [
                {
                    "name": "André Ricardo",
                    "email": "contatoadmx@gmail.com"
                }
            ],
            "description": "Motor de aplicações monolíticas com PHPMX",
            "support": {
                "issues": "https://github.com/php-mx/phpmx-front/issues",
                "source": "https://github.com/php-mx/phpmx-front/tree/main"
            },
            "time": "2025-07-27T14:38:25+00:00"
        },
        {
            "name": "phpmx/server",
            "version": "dev-main",
            "source": {
                "type": "git",
                "url": "https://github.com/php-mx/phpmx-server.git",
                "reference": "70616ac06fe17f53ed9869e4ce294e7390f9569d"
            },
            "dist": {
                "type": "zip",
                "url": "https://api.github.com/repos/php-mx/phpmx-server/zipball/70616ac06fe17f53ed9869e4ce294e7390f9569d",
                "reference": "70616ac06fe17f53ed9869e4ce294e7390f9569d",
                "shasum": ""
            },
            "require": {
                "phpmx/core": "dev-main"
            },
            "suggest": {
                "ext-gd": "Required if you intend to use Captcha input."
            },
            "default-branch": true,
            "type": "library",
            "autoload": {
                "files": [
                    "system/helper/constant/http_status.php",
                    "system/helper/constant/request_is.php",
                    "system/helper/function/is.php",
                    "system/helper/script/env.php",
                    "system/helper/script/path.php"
                ],
                "psr-4": {
                    "": "class/"
                }
            },
            "notification-url": "https://packagist.org/downloads/",
            "license": [
                "MIT"
            ],
            "authors": [
                {
                    "name": "André Ricardo",
                    "email": "contatoadmx@gmail.com"
                }
            ],
            "description": "Camada para criação de APIs com PHPMX",
            "support": {
                "issues": "https://github.com/php-mx/phpmx-server/issues",
                "source": "https://github.com/php-mx/phpmx-server/tree/main"
            },
            "time": "2025-07-27T14:37:12+00:00"
        },
        {
            "name": "phpmx/view",
            "version": "dev-main",
            "source": {
                "type": "git",
                "url": "https://github.com/php-mx/phpmx-view.git",
                "reference": "df5a32a15759f890c9dff0d61200babe4b1fa038"
            },
            "dist": {
                "type": "zip",
                "url": "https://api.github.com/repos/php-mx/phpmx-view/zipball/df5a32a15759f890c9dff0d61200babe4b1fa038",
                "reference": "df5a32a15759f890c9dff0d61200babe4b1fa038",
                "shasum": ""
            },
            "require": {
                "phpmx/core": "dev-main"
            },
            "default-branch": true,
            "type": "library",
            "autoload": {
                "files": [
                    "system/helper/script/path.php",
                    "system/helper/script/view.php"
                ],
                "psr-4": {
                    "": "class/"
                }
            },
            "notification-url": "https://packagist.org/downloads/",
            "license": [
                "MIT"
            ],
            "authors": [
                {
                    "name": "André Ricardo",
                    "email": "contatoadmx@gmail.com"
                }
            ],
            "description": "Renderizador da camada de visualização do PHPMX",
            "support": {
                "issues": "https://github.com/php-mx/phpmx-view/issues",
                "source": "https://github.com/php-mx/phpmx-view/tree/main"
            },
            "time": "2025-07-26T22:53:50+00:00"
        }
    ],
    "packages-dev": [],
    "aliases": [],
    "minimum-stability": "dev",
    "stability-flags": {
        "phpmx/core": 20,
        "phpmx/datalayer": 20,
        "phpmx/dimage": 20,
        "phpmx/front": 20,
        "phpmx/server": 20,
        "phpmx/view": 20
    },
    "prefer-stable": false,
    "prefer-lowest": false,
    "platform": {},
    "platform-dev": {},
    "plugin-api-version": "2.6.0"
}
