{
    "_readme": [
        "This file locks the dependencies of your project to a known state",
        "Read more about it at https://getcomposer.org/doc/01-basic-usage.md#installing-dependencies",
        "This file is @generated automatically"
    ],
    "content-hash": "fcb9fe3fa01dac0da3e9ab5963920b6a",
    "packages": [
        {
            "name": "phpmx/core",
            "version": "dev-main",
            "source": {
                "type": "git",
                "url": "https://github.com/php-mx/phpmx-core.git",
                "reference": "27284954c8e2427d70072f45c5ee304857a7e65d"
            },
            "dist": {
                "type": "zip",
                "url": "https://api.github.com/repos/php-mx/phpmx-core/zipball/27284954c8e2427d70072f45c5ee304857a7e65d",
                "reference": "27284954c8e2427d70072f45c5ee304857a7e65d",
                "shasum": ""
            },
            "require": {
                "ext-fileinfo": "*",
                "ext-mbstring": "*",
                "php": "^8.1"
            },
            "default-branch": true,
            "bin": [
                "mx"
            ],
            "type": "library",
            "autoload": {
                "files": [
                    "system/helper/constant/char_normalizer.php",
                    "system/helper/constant/request_is.php",
                    "system/helper/function/cache.php",
                    "system/helper/function/changes.php",
                    "system/helper/function/dbug.php",
                    "system/helper/function/env.php",
                    "system/helper/function/is.php",
                    "system/helper/function/mx5.php",
                    "system/helper/function/num.php",
                    "system/helper/function/path.php",
                    "system/helper/function/prepare.php",
                    "system/helper/function/remove_accents.php",
                    "system/helper/function/str.php",
                    "system/helper/function/str_to.php",
                    "system/helper/function/uuid.php",
                    "system/helper/script/env.php",
                    "system/helper/script/error.php",
                    "system/helper/script/log.php",
                    "system/helper/script/path.php",
                    "system/helper/script/timezone.php"
                ],
                "psr-4": {
                    "": "class/"
                }
            },
            "notification-url": "https://packagist.org/downloads/",
            "license": [
                "MIT"
            ],
            "authors": [
                {
                    "name": "André Ricardo",
                    "email": "contatoadmx@gmail.com"
                }
            ],
            "description": "Núcleo para criação de aplicações modernas com phpMX",
            "support": {
                "issues": "https://github.com/php-mx/phpmx-core/issues",
                "source": "https://github.com/php-mx/phpmx-core/tree/main"
            },
            "time": "2025-07-25T20:13:20+00:00"
        },
        {
            "name": "phpmx/datalayer",
            "version": "dev-main",
            "source": {
                "type": "git",
                "url": "https://github.com/php-mx/phpmx-datalayer.git",
                "reference": "0d2f6133ad2f7d4e37c9e5badb04b0231500c50f"
            },
            "dist": {
                "type": "zip",
                "url": "https://api.github.com/repos/php-mx/phpmx-datalayer/zipball/0d2f6133ad2f7d4e37c9e5badb04b0231500c50f",
                "reference": "0d2f6133ad2f7d4e37c9e5badb04b0231500c50f",
                "shasum": ""
            },
            "require": {
                "phpmx/core": "dev-main"
            },
            "suggest": {
                "ext-pdo_mysql": "Required if you intend to use MySQL or MariaDB connections.",
                "ext-pdo_pgsql": "Required if you intend to use PostgreSQL connections.",
                "ext-pdo_sqlite": "Required if you intend to use SQLite connections."
            },
            "default-branch": true,
            "type": "library",
            "autoload": {
                "files": [
                    "system/helper/function/idkey.php",
                    "system/helper/function/is.php",
                    "system/helper/script/path.php"
                ],
                "psr-4": {
                    "": "class/"
                }
            },
            "notification-url": "https://packagist.org/downloads/",
            "license": [
                "MIT"
            ],
            "authors": [
                {
                    "name": "André Ricardo",
                    "email": "contatoadmx@gmail.com"
                }
            ],
            "description": "Camada de conexão com banco de dados para aplicações phpMX",
            "support": {
                "issues": "https://github.com/php-mx/phpmx-datalayer/issues",
                "source": "https://github.com/php-mx/phpmx-datalayer/tree/main"
            },
            "time": "2025-07-25T16:32:12+00:00"
        },
        {
            "name": "phpmx/dimage",
            "version": "dev-main",
            "source": {
                "type": "git",
                "url": "https://github.com/php-mx/phpmx-dimage.git",
                "reference": "e116e41bf72d675c883fc70decdccef3b527576f"
            },
            "dist": {
                "type": "zip",
                "url": "https://api.github.com/repos/php-mx/phpmx-dimage/zipball/e116e41bf72d675c883fc70decdccef3b527576f",
                "reference": "e116e41bf72d675c883fc70decdccef3b527576f",
                "shasum": ""
            },
            "require": {
                "ext-exif": "*",
                "ext-gd": "*",
                "phpmx/core": "dev-main"
            },
            "default-branch": true,
            "type": "library",
            "autoload": {
                "files": [
                    "system/helper/script/path.php"
                ],
                "psr-4": {
                    "": "class/"
                }
            },
            "notification-url": "https://packagist.org/downloads/",
            "license": [
                "MIT"
            ],
            "authors": [
                {
                    "name": "André Ricardo",
                    "email": "contatoadmx@gmail.com"
                }
            ],
            "description": "Ferramenta pra edição de imagens phpMX",
            "support": {
                "issues": "https://github.com/php-mx/phpmx-dimage/issues",
                "source": "https://github.com/php-mx/phpmx-dimage/tree/main"
            },
            "time": "2025-07-25T16:04:27+00:00"
        },
        {
            "name": "phpmx/front",
            "version": "dev-main",
            "source": {
                "type": "git",
                "url": "https://github.com/php-mx/phpmx-front.git",
                "reference": "d718efb32982f50706e23bb45b78e507a257ecb9"
            },
            "dist": {
                "type": "zip",
                "url": "https://api.github.com/repos/php-mx/phpmx-front/zipball/d718efb32982f50706e23bb45b78e507a257ecb9",
                "reference": "d718efb32982f50706e23bb45b78e507a257ecb9",
                "shasum": ""
            },
            "require": {
                "phpmx/core": "dev-main",
                "phpmx/server": "dev-main",
                "phpmx/view": "dev-main"
            },
            "default-branch": true,
            "type": "library",
            "autoload": {
                "files": [
                    "system/helper/constant/request_is.php",
                    "system/helper/function/capsule.php",
                    "system/helper/function/redirect.php",
                    "system/helper/function/url.php",
                    "system/helper/script/env.php",
                    "system/helper/script/path.php",
                    "system/helper/script/view.php"
                ],
                "psr-4": {
                    "": "class/"
                }
            },
            "notification-url": "https://packagist.org/downloads/",
            "license": [
                "MIT"
            ],
            "authors": [
                {
                    "name": "André Ricardo",
                    "email": "contatoadmx@gmail.com"
                }
            ],
            "description": "Motor de aplicações monoliticas com phpMx",
            "support": {
                "issues": "https://github.com/php-mx/phpmx-front/issues",
                "source": "https://github.com/php-mx/phpmx-front/tree/main"
            },
            "time": "2025-07-25T17:17:01+00:00"
        },
        {
            "name": "phpmx/server",
            "version": "dev-main",
            "source": {
                "type": "git",
                "url": "https://github.com/php-mx/phpmx-server.git",
                "reference": "b89a6c5c95a0d29d5b467483cc9e5394a4e2a19c"
            },
            "dist": {
                "type": "zip",
                "url": "https://api.github.com/repos/php-mx/phpmx-server/zipball/b89a6c5c95a0d29d5b467483cc9e5394a4e2a19c",
                "reference": "b89a6c5c95a0d29d5b467483cc9e5394a4e2a19c",
                "shasum": ""
            },
            "require": {
                "phpmx/core": "dev-main"
            },
            "suggest": {
                "ext-gd": "Required if you intend to use Captcha input."
            },
            "default-branch": true,
            "type": "library",
            "autoload": {
                "files": [
                    "system/helper/constant/http_status.php",
                    "system/helper/constant/request_is.php",
                    "system/helper/function/is.php",
                    "system/helper/script/env.php",
                    "system/helper/script/path.php"
                ],
                "psr-4": {
                    "": "class/"
                }
            },
            "notification-url": "https://packagist.org/downloads/",
            "license": [
                "MIT"
            ],
            "authors": [
                {
                    "name": "André Ricardo",
                    "email": "contatoadmx@gmail.com"
                }
            ],
            "description": "Camada para servidor de api phpMX",
            "support": {
                "issues": "https://github.com/php-mx/phpmx-server/issues",
                "source": "https://github.com/php-mx/phpmx-server/tree/main"
            },
            "time": "2025-07-25T17:04:15+00:00"
        },
        {
            "name": "phpmx/view",
            "version": "dev-main",
            "source": {
                "type": "git",
                "url": "https://github.com/php-mx/phpmx-view.git",
                "reference": "58289b19dbdeb625f97705180470c31956fd54ca"
            },
            "dist": {
                "type": "zip",
                "url": "https://api.github.com/repos/php-mx/phpmx-view/zipball/58289b19dbdeb625f97705180470c31956fd54ca",
                "reference": "58289b19dbdeb625f97705180470c31956fd54ca",
                "shasum": ""
            },
            "require": {
                "phpmx/core": "dev-main"
            },
            "default-branch": true,
            "type": "library",
            "autoload": {
                "files": [
                    "system/helper/script/path.php",
                    "system/helper/script/view.php"
                ],
                "psr-4": {
                    "": "class/"
                }
            },
            "notification-url": "https://packagist.org/downloads/",
            "license": [
                "MIT"
            ],
            "authors": [
                {
                    "name": "André Ricardo",
                    "email": "contatoadmx@gmail.com"
                }
            ],
            "description": "Renderizador da camada de visualização do phpMX",
            "support": {
                "issues": "https://github.com/php-mx/phpmx-view/issues",
                "source": "https://github.com/php-mx/phpmx-view/tree/main"
            },
            "time": "2025-07-25T16:34:19+00:00"
        }
    ],
    "packages-dev": [],
    "aliases": [],
    "minimum-stability": "dev",
    "stability-flags": {
        "phpmx/core": 20,
        "phpmx/datalayer": 20,
        "phpmx/dimage": 20,
        "phpmx/front": 20,
        "phpmx/server": 20,
        "phpmx/view": 20
    },
    "prefer-stable": false,
    "prefer-lowest": false,
    "platform": {},
    "platform-dev": {},
    "plugin-api-version": "2.6.0"
}
