{
    "_readme": [
        "This file locks the dependencies of your project to a known state",
        "Read more about it at https://getcomposer.org/doc/01-basic-usage.md#installing-dependencies",
        "This file is @generated automatically"
    ],
    "content-hash": "fcb9fe3fa01dac0da3e9ab5963920b6a",
    "packages": [
        {
            "name": "phpmx/core",
            "version": "dev-main",
            "source": {
                "type": "git",
                "url": "https://github.com/php-mx/phpmx-core.git",
                "reference": "5a360b9b8b74cf1c8ac905df3b31443179fbfa59"
            },
            "dist": {
                "type": "zip",
                "url": "https://api.github.com/repos/php-mx/phpmx-core/zipball/5a360b9b8b74cf1c8ac905df3b31443179fbfa59",
                "reference": "5a360b9b8b74cf1c8ac905df3b31443179fbfa59",
                "shasum": ""
            },
            "require": {
                "ext-fileinfo": "*",
                "ext-mbstring": "*",
                "php": "^8.1"
            },
            "default-branch": true,
            "bin": [
                "mx"
            ],
            "type": "library",
            "autoload": {
                "files": [
                    "system/helper/constant/char_normalizer.php",
                    "system/helper/constant/request_is.php",
                    "system/helper/function/cache.php",
                    "system/helper/function/changes.php",
                    "system/helper/function/dbug.php",
                    "system/helper/function/env.php",
                    "system/helper/function/is.php",
                    "system/helper/function/mx5.php",
                    "system/helper/function/num.php",
                    "system/helper/function/path.php",
                    "system/helper/function/prepare.php",
                    "system/helper/function/remove_accents.php",
                    "system/helper/function/str.php",
                    "system/helper/function/str_to.php",
                    "system/helper/function/uuid.php",
                    "system/helper/script/env.php",
                    "system/helper/script/error.php",
                    "system/helper/script/log.php",
                    "system/helper/script/path.php",
                    "system/helper/script/timezone.php"
                ],
                "psr-4": {
                    "": "class/"
                }
            },
            "notification-url": "https://packagist.org/downloads/",
            "license": [
                "MIT"
            ],
            "authors": [
                {
                    "name": "André Ricardo",
                    "email": "contatoadmx@gmail.com"
                }
            ],
            "description": "Núcleo leve, rastreável e modular para criação de aplicações modernas com PHP, orientado à manutenção e performance.",
            "support": {
                "issues": "https://github.com/php-mx/phpmx-core/issues",
                "source": "https://github.com/php-mx/phpmx-core/tree/main"
            },
            "time": "2025-07-25T22:50:01+00:00"
        },
        {
            "name": "phpmx/datalayer",
            "version": "dev-main",
            "source": {
                "type": "git",
                "url": "https://github.com/php-mx/phpmx-datalayer.git",
                "reference": "992b38ae0929cb7f49011145039efd6839856e37"
            },
            "dist": {
                "type": "zip",
                "url": "https://api.github.com/repos/php-mx/phpmx-datalayer/zipball/992b38ae0929cb7f49011145039efd6839856e37",
                "reference": "992b38ae0929cb7f49011145039efd6839856e37",
                "shasum": ""
            },
            "require": {
                "phpmx/core": "dev-main"
            },
            "suggest": {
                "ext-pdo_mysql": "Required if you intend to use MySQL or MariaDB connections.",
                "ext-pdo_pgsql": "Required if you intend to use PostgreSQL connections.",
                "ext-pdo_sqlite": "Required if you intend to use SQLite connections."
            },
            "default-branch": true,
            "type": "library",
            "autoload": {
                "files": [
                    "system/helper/function/idkey.php",
                    "system/helper/function/is.php",
                    "system/helper/script/path.php"
                ],
                "psr-4": {
                    "": "class/"
                }
            },
            "notification-url": "https://packagist.org/downloads/",
            "license": [
                "MIT"
            ],
            "authors": [
                {
                    "name": "André Ricardo",
                    "email": "contatoadmx@gmail.com"
                }
            ],
            "description": "Camada de persistência e abstração de banco de dados para aplicações PHPMX",
            "support": {
                "issues": "https://github.com/php-mx/phpmx-datalayer/issues",
                "source": "https://github.com/php-mx/phpmx-datalayer/tree/main"
            },
            "time": "2025-07-25T22:50:59+00:00"
        },
        {
            "name": "phpmx/dimage",
            "version": "dev-main",
            "source": {
                "type": "git",
                "url": "https://github.com/php-mx/phpmx-dimage.git",
                "reference": "b6b3db9d644e5ec8581b68a2328765cd1476bcef"
            },
            "dist": {
                "type": "zip",
                "url": "https://api.github.com/repos/php-mx/phpmx-dimage/zipball/b6b3db9d644e5ec8581b68a2328765cd1476bcef",
                "reference": "b6b3db9d644e5ec8581b68a2328765cd1476bcef",
                "shasum": ""
            },
            "require": {
                "ext-exif": "*",
                "ext-gd": "*",
                "phpmx/core": "dev-main"
            },
            "default-branch": true,
            "type": "library",
            "autoload": {
                "files": [
                    "system/helper/script/path.php"
                ],
                "psr-4": {
                    "": "class/"
                }
            },
            "notification-url": "https://packagist.org/downloads/",
            "license": [
                "MIT"
            ],
            "authors": [
                {
                    "name": "André Ricardo",
                    "email": "contatoadmx@gmail.com"
                }
            ],
            "description": "Ferramenta de manipulação de imagens para aplicações PHPMX",
            "support": {
                "issues": "https://github.com/php-mx/phpmx-dimage/issues",
                "source": "https://github.com/php-mx/phpmx-dimage/tree/main"
            },
            "time": "2025-07-25T22:51:01+00:00"
        },
        {
            "name": "phpmx/front",
            "version": "dev-main",
            "source": {
                "type": "git",
                "url": "https://github.com/php-mx/phpmx-front.git",
                "reference": "ebeaea1cd82ea51ac72a90a405c52219f916821a"
            },
            "dist": {
                "type": "zip",
                "url": "https://api.github.com/repos/php-mx/phpmx-front/zipball/ebeaea1cd82ea51ac72a90a405c52219f916821a",
                "reference": "ebeaea1cd82ea51ac72a90a405c52219f916821a",
                "shasum": ""
            },
            "require": {
                "phpmx/core": "dev-main",
                "phpmx/server": "dev-main",
                "phpmx/view": "dev-main"
            },
            "default-branch": true,
            "type": "library",
            "autoload": {
                "files": [
                    "system/helper/constant/request_is.php",
                    "system/helper/function/capsule.php",
                    "system/helper/function/redirect.php",
                    "system/helper/function/url.php",
                    "system/helper/script/env.php",
                    "system/helper/script/path.php",
                    "system/helper/script/view.php"
                ],
                "psr-4": {
                    "": "class/"
                }
            },
            "notification-url": "https://packagist.org/downloads/",
            "license": [
                "MIT"
            ],
            "authors": [
                {
                    "name": "André Ricardo",
                    "email": "contatoadmx@gmail.com"
                }
            ],
            "description": "Motor de aplicações monolíticas com PHPMX",
            "support": {
                "issues": "https://github.com/php-mx/phpmx-front/issues",
                "source": "https://github.com/php-mx/phpmx-front/tree/main"
            },
            "time": "2025-07-26T16:11:05+00:00"
        },
        {
            "name": "phpmx/server",
            "version": "dev-main",
            "source": {
                "type": "git",
                "url": "https://github.com/php-mx/phpmx-server.git",
                "reference": "1e5474ac8e17b232051e6a062ce76e282aa98870"
            },
            "dist": {
                "type": "zip",
                "url": "https://api.github.com/repos/php-mx/phpmx-server/zipball/1e5474ac8e17b232051e6a062ce76e282aa98870",
                "reference": "1e5474ac8e17b232051e6a062ce76e282aa98870",
                "shasum": ""
            },
            "require": {
                "phpmx/core": "dev-main"
            },
            "suggest": {
                "ext-gd": "Required if you intend to use Captcha input."
            },
            "default-branch": true,
            "type": "library",
            "autoload": {
                "files": [
                    "system/helper/constant/http_status.php",
                    "system/helper/constant/request_is.php",
                    "system/helper/function/is.php",
                    "system/helper/script/env.php",
                    "system/helper/script/path.php"
                ],
                "psr-4": {
                    "": "class/"
                }
            },
            "notification-url": "https://packagist.org/downloads/",
            "license": [
                "MIT"
            ],
            "authors": [
                {
                    "name": "André Ricardo",
                    "email": "contatoadmx@gmail.com"
                }
            ],
            "description": "Camada para criação de APIs com PHPMX",
            "support": {
                "issues": "https://github.com/php-mx/phpmx-server/issues",
                "source": "https://github.com/php-mx/phpmx-server/tree/main"
            },
            "time": "2025-07-26T02:49:54+00:00"
        },
        {
            "name": "phpmx/view",
            "version": "dev-main",
            "source": {
                "type": "git",
                "url": "https://github.com/php-mx/phpmx-view.git",
                "reference": "a1f6c66a413ab05d0e4fab7a744930798684a7e6"
            },
            "dist": {
                "type": "zip",
                "url": "https://api.github.com/repos/php-mx/phpmx-view/zipball/a1f6c66a413ab05d0e4fab7a744930798684a7e6",
                "reference": "a1f6c66a413ab05d0e4fab7a744930798684a7e6",
                "shasum": ""
            },
            "require": {
                "phpmx/core": "dev-main"
            },
            "default-branch": true,
            "type": "library",
            "autoload": {
                "files": [
                    "system/helper/script/path.php",
                    "system/helper/script/view.php"
                ],
                "psr-4": {
                    "": "class/"
                }
            },
            "notification-url": "https://packagist.org/downloads/",
            "license": [
                "MIT"
            ],
            "authors": [
                {
                    "name": "André Ricardo",
                    "email": "contatoadmx@gmail.com"
                }
            ],
            "description": "Renderizador da camada de visualização do PHPMX",
            "support": {
                "issues": "https://github.com/php-mx/phpmx-view/issues",
                "source": "https://github.com/php-mx/phpmx-view/tree/main"
            },
            "time": "2025-07-25T22:50:58+00:00"
        }
    ],
    "packages-dev": [],
    "aliases": [],
    "minimum-stability": "dev",
    "stability-flags": {
        "phpmx/core": 20,
        "phpmx/datalayer": 20,
        "phpmx/dimage": 20,
        "phpmx/front": 20,
        "phpmx/server": 20,
        "phpmx/view": 20
    },
    "prefer-stable": false,
    "prefer-lowest": false,
    "platform": {},
    "platform-dev": {},
    "plugin-api-version": "2.6.0"
}
